
Microsoft Visual Studio Solution File, Format Version 12.00
# Visual Studio Version 17
VisualStudioVersion = 17.8.34511.84
MinimumVisualStudioVersion = 10.0.40219.1
Project("{FAE04EC0-301F-11D3-BF4B-00C04F79EFBC}") = "GA_BinarySearch_SuleSeid", "GA_BinarySearch_SuleSeid\GA_BinarySearch_SuleSeid.csproj", "{B88AF19C-4B0E-4AA0-BCD3-8471AFCE9176}"
EndProject
Global
	GlobalSection(SolutionConfigurationPlatforms) = preSolution
		Debug|Any CPU = Debug|Any CPU
		Release|Any CPU = Release|Any CPU
	EndGlobalSection
	GlobalSection(ProjectConfigurationPlatforms) = postSolution
		{B88AF19C-4B0E-4AA0-BCD3-8471AFCE9176}.Debug|Any CPU.ActiveCfg = Debug|Any CPU
		{B88AF19C-4B0E-4AA0-BCD3-8471AFCE9176}.Debug|Any CPU.Build.0 = Debug|Any CPU
		{B88AF19C-4B0E-4AA0-BCD3-8471AFCE9176}.Release|Any CPU.ActiveCfg = Release|Any CPU
		{B88AF19C-4B0E-4AA0-BCD3-8471AFCE9176}.Release|Any CPU.Build.0 = Release|Any CPU
	EndGlobalSection
	GlobalSection(SolutionProperties) = preSolution
		HideSolutionNode = FALSE
	EndGlobalSection
	GlobalSection(ExtensibilityGlobals) = postSolution
		SolutionGuid = {EFD1A6A4-72E1-402D-8DD4-22521218461A}
	EndGlobalSection
EndGlobal
